
Microsoft Visual Studio Solution File, Format Version 12.00
# Visual Studio Version 16
VisualStudioVersion = 16.0.30907.101
MinimumVisualStudioVersion = 10.0.40219.1
Project("{8BC9CEB8-8B4A-11D0-8D11-00A0C91BC942}") = "1.23", "1.23.vcxproj", "{ADCFBA75-01A8-413E-8E0B-0E3CBABA682D}"
EndProject
Global
	GlobalSection(SolutionConfigurationPlatforms) = preSolution
		Debug|x64 = Debug|x64
		Debug|x86 = Debug|x86
		Release|x64 = Release|x64
		Release|x86 = Release|x86
	EndGlobalSection
	GlobalSection(ProjectConfigurationPlatforms) = postSolution
		{ADCFBA75-01A8-413E-8E0B-0E3CBABA682D}.Debug|x64.ActiveCfg = Debug|x64
		{ADCFBA75-01A8-413E-8E0B-0E3CBABA682D}.Debug|x64.Build.0 = Debug|x64
		{ADCFBA75-01A8-413E-8E0B-0E3CBABA682D}.Debug|x86.ActiveCfg = Debug|Win32
		{ADCFBA75-01A8-413E-8E0B-0E3CBABA682D}.Debug|x86.Build.0 = Debug|Win32
		{ADCFBA75-01A8-413E-8E0B-0E3CBABA682D}.Release|x64.ActiveCfg = Release|x64
		{ADCFBA75-01A8-413E-8E0B-0E3CBABA682D}.Release|x64.Build.0 = Release|x64
		{ADCFBA75-01A8-413E-8E0B-0E3CBABA682D}.Release|x86.ActiveCfg = Release|Win32
		{ADCFBA75-01A8-413E-8E0B-0E3CBABA682D}.Release|x86.Build.0 = Release|Win32
	EndGlobalSection
	GlobalSection(SolutionProperties) = preSolution
		HideSolutionNode = FALSE
	EndGlobalSection
	GlobalSection(ExtensibilityGlobals) = postSolution
		SolutionGuid = {89366217-65FF-4DAD-B28D-FA329E677902}
	EndGlobalSection
EndGlobal
